
Microsoft Visual Studio Solution File, Format Version 12.00
# Visual Studio Version 17
VisualStudioVersion = 17.5.33424.131
MinimumVisualStudioVersion = 10.0.40219.1
Project("{FAE04EC0-301F-11D3-BF4B-00C04F79EFBC}") = "C#_Lab1", "C#_Lab1\C#_Lab1.csproj", "{509477C5-ECA9-4810-B2D4-1A339DD486CE}"
EndProject
Global
	GlobalSection(SolutionConfigurationPlatforms) = preSolution
		Debug|Any CPU = Debug|Any CPU
		Release|Any CPU = Release|Any CPU
	EndGlobalSection
	GlobalSection(ProjectConfigurationPlatforms) = postSolution
		{509477C5-ECA9-4810-B2D4-1A339DD486CE}.Debug|Any CPU.ActiveCfg = Debug|Any CPU
		{509477C5-ECA9-4810-B2D4-1A339DD486CE}.Debug|Any CPU.Build.0 = Debug|Any CPU
		{509477C5-ECA9-4810-B2D4-1A339DD486CE}.Release|Any CPU.ActiveCfg = Release|Any CPU
		{509477C5-ECA9-4810-B2D4-1A339DD486CE}.Release|Any CPU.Build.0 = Release|Any CPU
	EndGlobalSection
	GlobalSection(SolutionProperties) = preSolution
		HideSolutionNode = FALSE
	EndGlobalSection
	GlobalSection(ExtensibilityGlobals) = postSolution
		SolutionGuid = {40D88BBE-92B0-4146-B136-BB4D2CCAE8A8}
	EndGlobalSection
EndGlobal
